
Microsoft Visual Studio Solution File, Format Version 12.00
# Visual Studio Version 17
VisualStudioVersion = 17.0.31903.59
MinimumVisualStudioVersion = 10.0.40219.1
Project("{FAE04EC0-301F-11D3-BF4B-00C04F79EFBC}") = "MiniGame", "MiniGame\MiniGame.csproj", "{880A849F-689A-4FB6-9E22-FA816098F614}"
EndProject
Global
	GlobalSection(SolutionConfigurationPlatforms) = preSolution
		Debug|Any CPU = Debug|Any CPU
		Release|Any CPU = Release|Any CPU
	EndGlobalSection
	GlobalSection(ProjectConfigurationPlatforms) = postSolution
		{880A849F-689A-4FB6-9E22-FA816098F614}.Debug|Any CPU.ActiveCfg = Debug|Any CPU
		{880A849F-689A-4FB6-9E22-FA816098F614}.Debug|Any CPU.Build.0 = Debug|Any CPU
		{880A849F-689A-4FB6-9E22-FA816098F614}.Release|Any CPU.ActiveCfg = Release|Any CPU
		{880A849F-689A-4FB6-9E22-FA816098F614}.Release|Any CPU.Build.0 = Release|Any CPU
	EndGlobalSection
	GlobalSection(SolutionProperties) = preSolution
		HideSolutionNode = FALSE
	EndGlobalSection
	GlobalSection(ExtensibilityGlobals) = postSolution
		SolutionGuid = {D0B71944-9A59-470A-A1FD-92E122EB58F3}
	EndGlobalSection
EndGlobal
